
Microsoft Visual Studio Solution File, Format Version 12.00
# Visual Studio Version 17
VisualStudioVersion = 17.2.32616.157
MinimumVisualStudioVersion = 10.0.40219.1
Project("{FAE04EC0-301F-11D3-BF4B-00C04F79EFBC}") = "OpenBreed.Editor.VM", "OpenBreed.Editor.VM\OpenBreed.Editor.VM.csproj", "{4E57CB0D-A13B-48A9-9D47-52B96D75F283}"
EndProject
Project("{FAE04EC0-301F-11D3-BF4B-00C04F79EFBC}") = "OpenBreed.Editor.Cfg", "OpenBreed.Editor.Cfg\OpenBreed.Editor.Cfg.csproj", "{91F957F8-8C01-462C-9FE3-276BB56A7B7E}"
EndProject
Project("{9A19103F-16F7-4668-BE54-9A1E7A4F7556}") = "OpenBreed.Common", "..\OpenBreed.Common\src\OpenBreed.Common\OpenBreed.Common.csproj", "{9894E7F4-7C85-4173-9D05-F50CFD2E4163}"
EndProject
Project("{FAE04EC0-301F-11D3-BF4B-00C04F79EFBC}") = "EPFArchive", "..\EPFArchive\src\EPFArchive\EPFArchive.csproj", "{52249C4E-EAF8-45CE-A757-AAA3C3C125D4}"
EndProject
Project("{FAE04EC0-301F-11D3-BF4B-00C04F79EFBC}") = "OpenBreed.Common.UI.WinForms", "..\OpenBreed.Common\src\OpenBreed.Common.UI.WinForms\OpenBreed.Common.UI.WinForms.csproj", "{9827DEDA-205F-465E-B8DF-E0E3FF9CD8D1}"
EndProject
Project("{FAE04EC0-301F-11D3-BF4B-00C04F79EFBC}") = "OpenBreed.Editor.UI.WinForms", "OpenBreed.Editor.UI.WinForms\OpenBreed.Editor.UI.WinForms.csproj", "{93948D83-BC84-47B4-AD0F-A6E295AFE823}"
EndProject
Project("{9A19103F-16F7-4668-BE54-9A1E7A4F7556}") = "OpenBreed.Database.Xml", "..\OpenBreed.Common\src\OpenBreed.Database.Xml\OpenBreed.Database.Xml.csproj", "{C4095745-E19C-4DE9-B2E4-37E55FA0D225}"
EndProject
Project("{2150E333-8FDC-42A3-9474-1A3956D46DE8}") = "OpenBreed.Common", "OpenBreed.Common", "{4EC1463F-E1B7-439F-B038-2FFE4EB75BE5}"
EndProject
Project("{9A19103F-16F7-4668-BE54-9A1E7A4F7556}") = "OpenBreed.Database.Interface", "..\OpenBreed.Common\src\OpenBreed.Database.Interface\OpenBreed.Database.Interface.csproj", "{E1A9B090-0090-4C7C-BDDF-B0BB4509DC63}"
EndProject
Project("{9A19103F-16F7-4668-BE54-9A1E7A4F7556}") = "OpenBreed.Model", "..\OpenBreed.Common\src\OpenBreed.Model\OpenBreed.Model.csproj", "{A05B933E-1C80-4AAE-93B9-BE37C6B94270}"
EndProject
Project("{9A19103F-16F7-4668-BE54-9A1E7A4F7556}") = "OpenBreed.Reader.Interface", "..\OpenBreed.Common\src\OpenBreed.Reader.Interface\OpenBreed.Reader.Interface.csproj", "{CFDCF7E3-8EA1-4D17-8B16-C6BE157FE87C}"
EndProject
Project("{9A19103F-16F7-4668-BE54-9A1E7A4F7556}") = "OpenBreed.Reader.Legacy", "..\OpenBreed.Common\src\OpenBreed.Reader.Legacy\OpenBreed.Reader.Legacy.csproj", "{9A47D236-1810-413A-B609-A38FDE119D3F}"
EndProject
Project("{9A19103F-16F7-4668-BE54-9A1E7A4F7556}") = "OpenBreed.Common.Tools", "..\OpenBreed.Common\src\OpenBreed.Common.Tools\OpenBreed.Common.Tools.csproj", "{B4E4CD19-64AF-42A5-8713-0D0DE35853B6}"
EndProject
Project("{2150E333-8FDC-42A3-9474-1A3956D46DE8}") = "EPFArchive", "EPFArchive", "{0453051E-074C-4F8E-8DE7-64C551E7001C}"
EndProject
Project("{9A19103F-16F7-4668-BE54-9A1E7A4F7556}") = "OpenBreed.Writer.Interface", "..\OpenBreed.Common\src\OpenBreed.Writer.Interface\OpenBreed.Writer.Interface.csproj", "{0AD35C65-4CF1-4F80-8719-714CF4133166}"
EndProject
Project("{9A19103F-16F7-4668-BE54-9A1E7A4F7556}") = "OpenBreed.Writer.Legacy", "..\OpenBreed.Common\src\OpenBreed.Writer.Legacy\OpenBreed.Writer.Legacy.csproj", "{0B8B1C59-2BEC-45C3-BD7A-AEB955337407}"
EndProject
Project("{9A19103F-16F7-4668-BE54-9A1E7A4F7556}") = "OpenBreed.Common.Interface", "..\OpenBreed.Common\src\OpenBreed.Common.Interface\OpenBreed.Common.Interface.csproj", "{CF3DFFDE-2458-46D2-ABDF-0909C2CDA6E1}"
EndProject
Global
	GlobalSection(SolutionConfigurationPlatforms) = preSolution
		Debug|Any CPU = Debug|Any CPU
		Debug|Mixed Platforms = Debug|Mixed Platforms
		Debug|Win32 = Debug|Win32
		Debug|x64 = Debug|x64
		Debug|x86 = Debug|x86
		Release|Any CPU = Release|Any CPU
		Release|Mixed Platforms = Release|Mixed Platforms
		Release|Win32 = Release|Win32
		Release|x64 = Release|x64
		Release|x86 = Release|x86
	EndGlobalSection
	GlobalSection(ProjectConfigurationPlatforms) = postSolution
		{4E57CB0D-A13B-48A9-9D47-52B96D75F283}.Debug|Any CPU.ActiveCfg = Debug|Any CPU
		{4E57CB0D-A13B-48A9-9D47-52B96D75F283}.Debug|Any CPU.Build.0 = Debug|Any CPU
		{4E57CB0D-A13B-48A9-9D47-52B96D75F283}.Debug|Mixed Platforms.ActiveCfg = Debug|Any CPU
		{4E57CB0D-A13B-48A9-9D47-52B96D75F283}.Debug|Mixed Platforms.Build.0 = Debug|Any CPU
		{4E57CB0D-A13B-48A9-9D47-52B96D75F283}.Debug|Win32.ActiveCfg = Debug|Any CPU
		{4E57CB0D-A13B-48A9-9D47-52B96D75F283}.Debug|x64.ActiveCfg = Debug|Any CPU
		{4E57CB0D-A13B-48A9-9D47-52B96D75F283}.Debug|x64.Build.0 = Debug|Any CPU
		{4E57CB0D-A13B-48A9-9D47-52B96D75F283}.Debug|x86.ActiveCfg = Debug|Any CPU
		{4E57CB0D-A13B-48A9-9D47-52B96D75F283}.Debug|x86.Build.0 = Debug|Any CPU
		{4E57CB0D-A13B-48A9-9D47-52B96D75F283}.Release|Any CPU.ActiveCfg = Release|Any CPU
		{4E57CB0D-A13B-48A9-9D47-52B96D75F283}.Release|Any CPU.Build.0 = Release|Any CPU
		{4E57CB0D-A13B-48A9-9D47-52B96D75F283}.Release|Mixed Platforms.ActiveCfg = Release|Any CPU
		{4E57CB0D-A13B-48A9-9D47-52B96D75F283}.Release|Mixed Platforms.Build.0 = Release|Any CPU
		{4E57CB0D-A13B-48A9-9D47-52B96D75F283}.Release|Win32.ActiveCfg = Release|Any CPU
		{4E57CB0D-A13B-48A9-9D47-52B96D75F283}.Release|x64.ActiveCfg = Release|Any CPU
		{4E57CB0D-A13B-48A9-9D47-52B96D75F283}.Release|x64.Build.0 = Release|Any CPU
		{4E57CB0D-A13B-48A9-9D47-52B96D75F283}.Release|x86.ActiveCfg = Release|Any CPU
		{4E57CB0D-A13B-48A9-9D47-52B96D75F283}.Release|x86.Build.0 = Release|Any CPU
		{91F957F8-8C01-462C-9FE3-276BB56A7B7E}.Debug|Any CPU.ActiveCfg = Debug|Any CPU
		{91F957F8-8C01-462C-9FE3-276BB56A7B7E}.Debug|Any CPU.Build.0 = Debug|Any CPU
		{91F957F8-8C01-462C-9FE3-276BB56A7B7E}.Debug|Mixed Platforms.ActiveCfg = Debug|Any CPU
		{91F957F8-8C01-462C-9FE3-276BB56A7B7E}.Debug|Mixed Platforms.Build.0 = Debug|Any CPU
		{91F957F8-8C01-462C-9FE3-276BB56A7B7E}.Debug|Win32.ActiveCfg = Debug|Any CPU
		{91F957F8-8C01-462C-9FE3-276BB56A7B7E}.Debug|x64.ActiveCfg = Debug|x64
		{91F957F8-8C01-462C-9FE3-276BB56A7B7E}.Debug|x64.Build.0 = Debug|x64
		{91F957F8-8C01-462C-9FE3-276BB56A7B7E}.Debug|x86.ActiveCfg = Debug|Any CPU
		{91F957F8-8C01-462C-9FE3-276BB56A7B7E}.Debug|x86.Build.0 = Debug|Any CPU
		{91F957F8-8C01-462C-9FE3-276BB56A7B7E}.Release|Any CPU.ActiveCfg = Release|Any CPU
		{91F957F8-8C01-462C-9FE3-276BB56A7B7E}.Release|Any CPU.Build.0 = Release|Any CPU
		{91F957F8-8C01-462C-9FE3-276BB56A7B7E}.Release|Mixed Platforms.ActiveCfg = Release|Any CPU
		{91F957F8-8C01-462C-9FE3-276BB56A7B7E}.Release|Mixed Platforms.Build.0 = Release|Any CPU
		{91F957F8-8C01-462C-9FE3-276BB56A7B7E}.Release|Win32.ActiveCfg = Release|Any CPU
		{91F957F8-8C01-462C-9FE3-276BB56A7B7E}.Release|x64.ActiveCfg = Release|x64
		{91F957F8-8C01-462C-9FE3-276BB56A7B7E}.Release|x64.Build.0 = Release|x64
		{91F957F8-8C01-462C-9FE3-276BB56A7B7E}.Release|x86.ActiveCfg = Release|Any CPU
		{9894E7F4-7C85-4173-9D05-F50CFD2E4163}.Debug|Any CPU.ActiveCfg = Debug|Any CPU
		{9894E7F4-7C85-4173-9D05-F50CFD2E4163}.Debug|Any CPU.Build.0 = Debug|Any CPU
		{9894E7F4-7C85-4173-9D05-F50CFD2E4163}.Debug|Mixed Platforms.ActiveCfg = Debug|Any CPU
		{9894E7F4-7C85-4173-9D05-F50CFD2E4163}.Debug|Mixed Platforms.Build.0 = Debug|Any CPU
		{9894E7F4-7C85-4173-9D05-F50CFD2E4163}.Debug|Win32.ActiveCfg = Debug|Any CPU
		{9894E7F4-7C85-4173-9D05-F50CFD2E4163}.Debug|Win32.Build.0 = Debug|Any CPU
		{9894E7F4-7C85-4173-9D05-F50CFD2E4163}.Debug|x64.ActiveCfg = Debug|Any CPU
		{9894E7F4-7C85-4173-9D05-F50CFD2E4163}.Debug|x64.Build.0 = Debug|Any CPU
		{9894E7F4-7C85-4173-9D05-F50CFD2E4163}.Debug|x86.ActiveCfg = Debug|Any CPU
		{9894E7F4-7C85-4173-9D05-F50CFD2E4163}.Debug|x86.Build.0 = Debug|Any CPU
		{9894E7F4-7C85-4173-9D05-F50CFD2E4163}.Release|Any CPU.ActiveCfg = Release|Any CPU
		{9894E7F4-7C85-4173-9D05-F50CFD2E4163}.Release|Any CPU.Build.0 = Release|Any CPU
		{9894E7F4-7C85-4173-9D05-F50CFD2E4163}.Release|Mixed Platforms.ActiveCfg = Release|Any CPU
		{9894E7F4-7C85-4173-9D05-F50CFD2E4163}.Release|Mixed Platforms.Build.0 = Release|Any CPU
		{9894E7F4-7C85-4173-9D05-F50CFD2E4163}.Release|Win32.ActiveCfg = Release|Any CPU
		{9894E7F4-7C85-4173-9D05-F50CFD2E4163}.Release|Win32.Build.0 = Release|Any CPU
		{9894E7F4-7C85-4173-9D05-F50CFD2E4163}.Release|x64.ActiveCfg = Release|Any CPU
		{9894E7F4-7C85-4173-9D05-F50CFD2E4163}.Release|x64.Build.0 = Release|Any CPU
		{9894E7F4-7C85-4173-9D05-F50CFD2E4163}.Release|x86.ActiveCfg = Release|Any CPU
		{9894E7F4-7C85-4173-9D05-F50CFD2E4163}.Release|x86.Build.0 = Release|Any CPU
		{52249C4E-EAF8-45CE-A757-AAA3C3C125D4}.Debug|Any CPU.ActiveCfg = Debug|Any CPU
		{52249C4E-EAF8-45CE-A757-AAA3C3C125D4}.Debug|Any CPU.Build.0 = Debug|Any CPU
		{52249C4E-EAF8-45CE-A757-AAA3C3C125D4}.Debug|Mixed Platforms.ActiveCfg = Debug|Any CPU
		{52249C4E-EAF8-45CE-A757-AAA3C3C125D4}.Debug|Mixed Platforms.Build.0 = Debug|Any CPU
		{52249C4E-EAF8-45CE-A757-AAA3C3C125D4}.Debug|Win32.ActiveCfg = Debug|Any CPU
		{52249C4E-EAF8-45CE-A757-AAA3C3C125D4}.Debug|Win32.Build.0 = Debug|Any CPU
		{52249C4E-EAF8-45CE-A757-AAA3C3C125D4}.Debug|x64.ActiveCfg = Debug|Any CPU
		{52249C4E-EAF8-45CE-A757-AAA3C3C125D4}.Debug|x64.Build.0 = Debug|Any CPU
		{52249C4E-EAF8-45CE-A757-AAA3C3C125D4}.Debug|x86.ActiveCfg = Debug|Any CPU
		{52249C4E-EAF8-45CE-A757-AAA3C3C125D4}.Debug|x86.Build.0 = Debug|Any CPU
		{52249C4E-EAF8-45CE-A757-AAA3C3C125D4}.Release|Any CPU.ActiveCfg = Release|Any CPU
		{52249C4E-EAF8-45CE-A757-AAA3C3C125D4}.Release|Any CPU.Build.0 = Release|Any CPU
		{52249C4E-EAF8-45CE-A757-AAA3C3C125D4}.Release|Mixed Platforms.ActiveCfg = Release|Any CPU
		{52249C4E-EAF8-45CE-A757-AAA3C3C125D4}.Release|Mixed Platforms.Build.0 = Release|Any CPU
		{52249C4E-EAF8-45CE-A757-AAA3C3C125D4}.Release|Win32.ActiveCfg = Release|Any CPU
		{52249C4E-EAF8-45CE-A757-AAA3C3C125D4}.Release|Win32.Build.0 = Release|Any CPU
		{52249C4E-EAF8-45CE-A757-AAA3C3C125D4}.Release|x64.ActiveCfg = Release|Any CPU
		{52249C4E-EAF8-45CE-A757-AAA3C3C125D4}.Release|x64.Build.0 = Release|Any CPU
		{52249C4E-EAF8-45CE-A757-AAA3C3C125D4}.Release|x86.ActiveCfg = Release|Any CPU
		{52249C4E-EAF8-45CE-A757-AAA3C3C125D4}.Release|x86.Build.0 = Release|Any CPU
		{9827DEDA-205F-465E-B8DF-E0E3FF9CD8D1}.Debug|Any CPU.ActiveCfg = Debug|Any CPU
		{9827DEDA-205F-465E-B8DF-E0E3FF9CD8D1}.Debug|Any CPU.Build.0 = Debug|Any CPU
		{9827DEDA-205F-465E-B8DF-E0E3FF9CD8D1}.Debug|Mixed Platforms.ActiveCfg = Debug|Any CPU
		{9827DEDA-205F-465E-B8DF-E0E3FF9CD8D1}.Debug|Mixed Platforms.Build.0 = Debug|Any CPU
		{9827DEDA-205F-465E-B8DF-E0E3FF9CD8D1}.Debug|Win32.ActiveCfg = Debug|Any CPU
		{9827DEDA-205F-465E-B8DF-E0E3FF9CD8D1}.Debug|Win32.Build.0 = Debug|Any CPU
		{9827DEDA-205F-465E-B8DF-E0E3FF9CD8D1}.Debug|x64.ActiveCfg = Debug|Any CPU
		{9827DEDA-205F-465E-B8DF-E0E3FF9CD8D1}.Debug|x64.Build.0 = Debug|Any CPU
		{9827DEDA-205F-465E-B8DF-E0E3FF9CD8D1}.Debug|x86.ActiveCfg = Debug|Any CPU
		{9827DEDA-205F-465E-B8DF-E0E3FF9CD8D1}.Debug|x86.Build.0 = Debug|Any CPU
		{9827DEDA-205F-465E-B8DF-E0E3FF9CD8D1}.Release|Any CPU.ActiveCfg = Release|Any CPU
		{9827DEDA-205F-465E-B8DF-E0E3FF9CD8D1}.Release|Any CPU.Build.0 = Release|Any CPU
		{9827DEDA-205F-465E-B8DF-E0E3FF9CD8D1}.Release|Mixed Platforms.ActiveCfg = Release|Any CPU
		{9827DEDA-205F-465E-B8DF-E0E3FF9CD8D1}.Release|Mixed Platforms.Build.0 = Release|Any CPU
		{9827DEDA-205F-465E-B8DF-E0E3FF9CD8D1}.Release|Win32.ActiveCfg = Release|Any CPU
		{9827DEDA-205F-465E-B8DF-E0E3FF9CD8D1}.Release|Win32.Build.0 = Release|Any CPU
		{9827DEDA-205F-465E-B8DF-E0E3FF9CD8D1}.Release|x64.ActiveCfg = Release|Any CPU
		{9827DEDA-205F-465E-B8DF-E0E3FF9CD8D1}.Release|x64.Build.0 = Release|Any CPU
		{9827DEDA-205F-465E-B8DF-E0E3FF9CD8D1}.Release|x86.ActiveCfg = Release|Any CPU
		{9827DEDA-205F-465E-B8DF-E0E3FF9CD8D1}.Release|x86.Build.0 = Release|Any CPU
		{93948D83-BC84-47B4-AD0F-A6E295AFE823}.Debug|Any CPU.ActiveCfg = Debug|Any CPU
		{93948D83-BC84-47B4-AD0F-A6E295AFE823}.Debug|Any CPU.Build.0 = Debug|Any CPU
		{93948D83-BC84-47B4-AD0F-A6E295AFE823}.Debug|Mixed Platforms.ActiveCfg = Debug|Any CPU
		{93948D83-BC84-47B4-AD0F-A6E295AFE823}.Debug|Mixed Platforms.Build.0 = Debug|Any CPU
		{93948D83-BC84-47B4-AD0F-A6E295AFE823}.Debug|Win32.ActiveCfg = Debug|Any CPU
		{93948D83-BC84-47B4-AD0F-A6E295AFE823}.Debug|Win32.Build.0 = Debug|Any CPU
		{93948D83-BC84-47B4-AD0F-A6E295AFE823}.Debug|x64.ActiveCfg = Debug|Any CPU
		{93948D83-BC84-47B4-AD0F-A6E295AFE823}.Debug|x64.Build.0 = Debug|Any CPU
		{93948D83-BC84-47B4-AD0F-A6E295AFE823}.Debug|x86.ActiveCfg = Debug|Any CPU
		{93948D83-BC84-47B4-AD0F-A6E295AFE823}.Debug|x86.Build.0 = Debug|Any CPU
		{93948D83-BC84-47B4-AD0F-A6E295AFE823}.Release|Any CPU.ActiveCfg = Release|Any CPU
		{93948D83-BC84-47B4-AD0F-A6E295AFE823}.Release|Any CPU.Build.0 = Release|Any CPU
		{93948D83-BC84-47B4-AD0F-A6E295AFE823}.Release|Mixed Platforms.ActiveCfg = Release|Any CPU
		{93948D83-BC84-47B4-AD0F-A6E295AFE823}.Release|Mixed Platforms.Build.0 = Release|Any CPU
		{93948D83-BC84-47B4-AD0F-A6E295AFE823}.Release|Win32.ActiveCfg = Release|Any CPU
		{93948D83-BC84-47B4-AD0F-A6E295AFE823}.Release|Win32.Build.0 = Release|Any CPU
		{93948D83-BC84-47B4-AD0F-A6E295AFE823}.Release|x64.ActiveCfg = Release|Any CPU
		{93948D83-BC84-47B4-AD0F-A6E295AFE823}.Release|x64.Build.0 = Release|Any CPU
		{93948D83-BC84-47B4-AD0F-A6E295AFE823}.Release|x86.ActiveCfg = Release|Any CPU
		{93948D83-BC84-47B4-AD0F-A6E295AFE823}.Release|x86.Build.0 = Release|Any CPU
		{C4095745-E19C-4DE9-B2E4-37E55FA0D225}.Debug|Any CPU.ActiveCfg = Debug|Any CPU
		{C4095745-E19C-4DE9-B2E4-37E55FA0D225}.Debug|Any CPU.Build.0 = Debug|Any CPU
		{C4095745-E19C-4DE9-B2E4-37E55FA0D225}.Debug|Mixed Platforms.ActiveCfg = Debug|Any CPU
		{C4095745-E19C-4DE9-B2E4-37E55FA0D225}.Debug|Mixed Platforms.Build.0 = Debug|Any CPU
		{C4095745-E19C-4DE9-B2E4-37E55FA0D225}.Debug|Win32.ActiveCfg = Debug|Any CPU
		{C4095745-E19C-4DE9-B2E4-37E55FA0D225}.Debug|Win32.Build.0 = Debug|Any CPU
		{C4095745-E19C-4DE9-B2E4-37E55FA0D225}.Debug|x64.ActiveCfg = Debug|Any CPU
		{C4095745-E19C-4DE9-B2E4-37E55FA0D225}.Debug|x64.Build.0 = Debug|Any CPU
		{C4095745-E19C-4DE9-B2E4-37E55FA0D225}.Debug|x86.ActiveCfg = Debug|Any CPU
		{C4095745-E19C-4DE9-B2E4-37E55FA0D225}.Debug|x86.Build.0 = Debug|Any CPU
		{C4095745-E19C-4DE9-B2E4-37E55FA0D225}.Release|Any CPU.ActiveCfg = Release|Any CPU
		{C4095745-E19C-4DE9-B2E4-37E55FA0D225}.Release|Any CPU.Build.0 = Release|Any CPU
		{C4095745-E19C-4DE9-B2E4-37E55FA0D225}.Release|Mixed Platforms.ActiveCfg = Release|Any CPU
		{C4095745-E19C-4DE9-B2E4-37E55FA0D225}.Release|Mixed Platforms.Build.0 = Release|Any CPU
		{C4095745-E19C-4DE9-B2E4-37E55FA0D225}.Release|Win32.ActiveCfg = Release|Any CPU
		{C4095745-E19C-4DE9-B2E4-37E55FA0D225}.Release|Win32.Build.0 = Release|Any CPU
		{C4095745-E19C-4DE9-B2E4-37E55FA0D225}.Release|x64.ActiveCfg = Release|Any CPU
		{C4095745-E19C-4DE9-B2E4-37E55FA0D225}.Release|x64.Build.0 = Release|Any CPU
		{C4095745-E19C-4DE9-B2E4-37E55FA0D225}.Release|x86.ActiveCfg = Release|Any CPU
		{C4095745-E19C-4DE9-B2E4-37E55FA0D225}.Release|x86.Build.0 = Release|Any CPU
		{E1A9B090-0090-4C7C-BDDF-B0BB4509DC63}.Debug|Any CPU.ActiveCfg = Debug|Any CPU
		{E1A9B090-0090-4C7C-BDDF-B0BB4509DC63}.Debug|Any CPU.Build.0 = Debug|Any CPU
		{E1A9B090-0090-4C7C-BDDF-B0BB4509DC63}.Debug|Mixed Platforms.ActiveCfg = Debug|Any CPU
		{E1A9B090-0090-4C7C-BDDF-B0BB4509DC63}.Debug|Mixed Platforms.Build.0 = Debug|Any CPU
		{E1A9B090-0090-4C7C-BDDF-B0BB4509DC63}.Debug|Win32.ActiveCfg = Debug|Any CPU
		{E1A9B090-0090-4C7C-BDDF-B0BB4509DC63}.Debug|Win32.Build.0 = Debug|Any CPU
		{E1A9B090-0090-4C7C-BDDF-B0BB4509DC63}.Debug|x64.ActiveCfg = Debug|Any CPU
		{E1A9B090-0090-4C7C-BDDF-B0BB4509DC63}.Debug|x64.Build.0 = Debug|Any CPU
		{E1A9B090-0090-4C7C-BDDF-B0BB4509DC63}.Debug|x86.ActiveCfg = Debug|Any CPU
		{E1A9B090-0090-4C7C-BDDF-B0BB4509DC63}.Debug|x86.Build.0 = Debug|Any CPU
		{E1A9B090-0090-4C7C-BDDF-B0BB4509DC63}.Release|Any CPU.ActiveCfg = Release|Any CPU
		{E1A9B090-0090-4C7C-BDDF-B0BB4509DC63}.Release|Any CPU.Build.0 = Release|Any CPU
		{E1A9B090-0090-4C7C-BDDF-B0BB4509DC63}.Release|Mixed Platforms.ActiveCfg = Release|Any CPU
		{E1A9B090-0090-4C7C-BDDF-B0BB4509DC63}.Release|Mixed Platforms.Build.0 = Release|Any CPU
		{E1A9B090-0090-4C7C-BDDF-B0BB4509DC63}.Release|Win32.ActiveCfg = Release|Any CPU
		{E1A9B090-0090-4C7C-BDDF-B0BB4509DC63}.Release|Win32.Build.0 = Release|Any CPU
		{E1A9B090-0090-4C7C-BDDF-B0BB4509DC63}.Release|x64.ActiveCfg = Release|Any CPU
		{E1A9B090-0090-4C7C-BDDF-B0BB4509DC63}.Release|x64.Build.0 = Release|Any CPU
		{E1A9B090-0090-4C7C-BDDF-B0BB4509DC63}.Release|x86.ActiveCfg = Release|Any CPU
		{E1A9B090-0090-4C7C-BDDF-B0BB4509DC63}.Release|x86.Build.0 = Release|Any CPU
		{A05B933E-1C80-4AAE-93B9-BE37C6B94270}.Debug|Any CPU.ActiveCfg = Debug|Any CPU
		{A05B933E-1C80-4AAE-93B9-BE37C6B94270}.Debug|Any CPU.Build.0 = Debug|Any CPU
		{A05B933E-1C80-4AAE-93B9-BE37C6B94270}.Debug|Mixed Platforms.ActiveCfg = Debug|Any CPU
		{A05B933E-1C80-4AAE-93B9-BE37C6B94270}.Debug|Mixed Platforms.Build.0 = Debug|Any CPU
		{A05B933E-1C80-4AAE-93B9-BE37C6B94270}.Debug|Win32.ActiveCfg = Debug|Any CPU
		{A05B933E-1C80-4AAE-93B9-BE37C6B94270}.Debug|Win32.Build.0 = Debug|Any CPU
		{A05B933E-1C80-4AAE-93B9-BE37C6B94270}.Debug|x64.ActiveCfg = Debug|Any CPU
		{A05B933E-1C80-4AAE-93B9-BE37C6B94270}.Debug|x64.Build.0 = Debug|Any CPU
		{A05B933E-1C80-4AAE-93B9-BE37C6B94270}.Debug|x86.ActiveCfg = Debug|Any CPU
		{A05B933E-1C80-4AAE-93B9-BE37C6B94270}.Debug|x86.Build.0 = Debug|Any CPU
		{A05B933E-1C80-4AAE-93B9-BE37C6B94270}.Release|Any CPU.ActiveCfg = Release|Any CPU
		{A05B933E-1C80-4AAE-93B9-BE37C6B94270}.Release|Any CPU.Build.0 = Release|Any CPU
		{A05B933E-1C80-4AAE-93B9-BE37C6B94270}.Release|Mixed Platforms.ActiveCfg = Release|Any CPU
		{A05B933E-1C80-4AAE-93B9-BE37C6B94270}.Release|Mixed Platforms.Build.0 = Release|Any CPU
		{A05B933E-1C80-4AAE-93B9-BE37C6B94270}.Release|Win32.ActiveCfg = Release|Any CPU
		{A05B933E-1C80-4AAE-93B9-BE37C6B94270}.Release|Win32.Build.0 = Release|Any CPU
		{A05B933E-1C80-4AAE-93B9-BE37C6B94270}.Release|x64.ActiveCfg = Release|Any CPU
		{A05B933E-1C80-4AAE-93B9-BE37C6B94270}.Release|x64.Build.0 = Release|Any CPU
		{A05B933E-1C80-4AAE-93B9-BE37C6B94270}.Release|x86.ActiveCfg = Release|Any CPU
		{A05B933E-1C80-4AAE-93B9-BE37C6B94270}.Release|x86.Build.0 = Release|Any CPU
		{CFDCF7E3-8EA1-4D17-8B16-C6BE157FE87C}.Debug|Any CPU.ActiveCfg = Debug|Any CPU
		{CFDCF7E3-8EA1-4D17-8B16-C6BE157FE87C}.Debug|Any CPU.Build.0 = Debug|Any CPU
		{CFDCF7E3-8EA1-4D17-8B16-C6BE157FE87C}.Debug|Mixed Platforms.ActiveCfg = Debug|Any CPU
		{CFDCF7E3-8EA1-4D17-8B16-C6BE157FE87C}.Debug|Mixed Platforms.Build.0 = Debug|Any CPU
		{CFDCF7E3-8EA1-4D17-8B16-C6BE157FE87C}.Debug|Win32.ActiveCfg = Debug|Any CPU
		{CFDCF7E3-8EA1-4D17-8B16-C6BE157FE87C}.Debug|Win32.Build.0 = Debug|Any CPU
		{CFDCF7E3-8EA1-4D17-8B16-C6BE157FE87C}.Debug|x64.ActiveCfg = Debug|Any CPU
		{CFDCF7E3-8EA1-4D17-8B16-C6BE157FE87C}.Debug|x64.Build.0 = Debug|Any CPU
		{CFDCF7E3-8EA1-4D17-8B16-C6BE157FE87C}.Debug|x86.ActiveCfg = Debug|Any CPU
		{CFDCF7E3-8EA1-4D17-8B16-C6BE157FE87C}.Debug|x86.Build.0 = Debug|Any CPU
		{CFDCF7E3-8EA1-4D17-8B16-C6BE157FE87C}.Release|Any CPU.ActiveCfg = Release|Any CPU
		{CFDCF7E3-8EA1-4D17-8B16-C6BE157FE87C}.Release|Any CPU.Build.0 = Release|Any CPU
		{CFDCF7E3-8EA1-4D17-8B16-C6BE157FE87C}.Release|Mixed Platforms.ActiveCfg = Release|Any CPU
		{CFDCF7E3-8EA1-4D17-8B16-C6BE157FE87C}.Release|Mixed Platforms.Build.0 = Release|Any CPU
		{CFDCF7E3-8EA1-4D17-8B16-C6BE157FE87C}.Release|Win32.ActiveCfg = Release|Any CPU
		{CFDCF7E3-8EA1-4D17-8B16-C6BE157FE87C}.Release|Win32.Build.0 = Release|Any CPU
		{CFDCF7E3-8EA1-4D17-8B16-C6BE157FE87C}.Release|x64.ActiveCfg = Release|Any CPU
		{CFDCF7E3-8EA1-4D17-8B16-C6BE157FE87C}.Release|x64.Build.0 = Release|Any CPU
		{CFDCF7E3-8EA1-4D17-8B16-C6BE157FE87C}.Release|x86.ActiveCfg = Release|Any CPU
		{CFDCF7E3-8EA1-4D17-8B16-C6BE157FE87C}.Release|x86.Build.0 = Release|Any CPU
		{9A47D236-1810-413A-B609-A38FDE119D3F}.Debug|Any CPU.ActiveCfg = Debug|Any CPU
		{9A47D236-1810-413A-B609-A38FDE119D3F}.Debug|Any CPU.Build.0 = Debug|Any CPU
		{9A47D236-1810-413A-B609-A38FDE119D3F}.Debug|Mixed Platforms.ActiveCfg = Debug|Any CPU
		{9A47D236-1810-413A-B609-A38FDE119D3F}.Debug|Mixed Platforms.Build.0 = Debug|Any CPU
		{9A47D236-1810-413A-B609-A38FDE119D3F}.Debug|Win32.ActiveCfg = Debug|Any CPU
		{9A47D236-1810-413A-B609-A38FDE119D3F}.Debug|Win32.Build.0 = Debug|Any CPU
		{9A47D236-1810-413A-B609-A38FDE119D3F}.Debug|x64.ActiveCfg = Debug|Any CPU
		{9A47D236-1810-413A-B609-A38FDE119D3F}.Debug|x64.Build.0 = Debug|Any CPU
		{9A47D236-1810-413A-B609-A38FDE119D3F}.Debug|x86.ActiveCfg = Debug|Any CPU
		{9A47D236-1810-413A-B609-A38FDE119D3F}.Debug|x86.Build.0 = Debug|Any CPU
		{9A47D236-1810-413A-B609-A38FDE119D3F}.Release|Any CPU.ActiveCfg = Release|Any CPU
		{9A47D236-1810-413A-B609-A38FDE119D3F}.Release|Any CPU.Build.0 = Release|Any CPU
		{9A47D236-1810-413A-B609-A38FDE119D3F}.Release|Mixed Platforms.ActiveCfg = Release|Any CPU
		{9A47D236-1810-413A-B609-A38FDE119D3F}.Release|Mixed Platforms.Build.0 = Release|Any CPU
		{9A47D236-1810-413A-B609-A38FDE119D3F}.Release|Win32.ActiveCfg = Release|Any CPU
		{9A47D236-1810-413A-B609-A38FDE119D3F}.Release|Win32.Build.0 = Release|Any CPU
		{9A47D236-1810-413A-B609-A38FDE119D3F}.Release|x64.ActiveCfg = Release|Any CPU
		{9A47D236-1810-413A-B609-A38FDE119D3F}.Release|x64.Build.0 = Release|Any CPU
		{9A47D236-1810-413A-B609-A38FDE119D3F}.Release|x86.ActiveCfg = Release|Any CPU
		{9A47D236-1810-413A-B609-A38FDE119D3F}.Release|x86.Build.0 = Release|Any CPU
		{B4E4CD19-64AF-42A5-8713-0D0DE35853B6}.Debug|Any CPU.ActiveCfg = Debug|Any CPU
		{B4E4CD19-64AF-42A5-8713-0D0DE35853B6}.Debug|Any CPU.Build.0 = Debug|Any CPU
		{B4E4CD19-64AF-42A5-8713-0D0DE35853B6}.Debug|Mixed Platforms.ActiveCfg = Debug|Any CPU
		{B4E4CD19-64AF-42A5-8713-0D0DE35853B6}.Debug|Mixed Platforms.Build.0 = Debug|Any CPU
		{B4E4CD19-64AF-42A5-8713-0D0DE35853B6}.Debug|Win32.ActiveCfg = Debug|Any CPU
		{B4E4CD19-64AF-42A5-8713-0D0DE35853B6}.Debug|Win32.Build.0 = Debug|Any CPU
		{B4E4CD19-64AF-42A5-8713-0D0DE35853B6}.Debug|x64.ActiveCfg = Debug|Any CPU
		{B4E4CD19-64AF-42A5-8713-0D0DE35853B6}.Debug|x64.Build.0 = Debug|Any CPU
		{B4E4CD19-64AF-42A5-8713-0D0DE35853B6}.Debug|x86.ActiveCfg = Debug|Any CPU
		{B4E4CD19-64AF-42A5-8713-0D0DE35853B6}.Debug|x86.Build.0 = Debug|Any CPU
		{B4E4CD19-64AF-42A5-8713-0D0DE35853B6}.Release|Any CPU.ActiveCfg = Release|Any CPU
		{B4E4CD19-64AF-42A5-8713-0D0DE35853B6}.Release|Any CPU.Build.0 = Release|Any CPU
		{B4E4CD19-64AF-42A5-8713-0D0DE35853B6}.Release|Mixed Platforms.ActiveCfg = Release|Any CPU
		{B4E4CD19-64AF-42A5-8713-0D0DE35853B6}.Release|Mixed Platforms.Build.0 = Release|Any CPU
		{B4E4CD19-64AF-42A5-8713-0D0DE35853B6}.Release|Win32.ActiveCfg = Release|Any CPU
		{B4E4CD19-64AF-42A5-8713-0D0DE35853B6}.Release|Win32.Build.0 = Release|Any CPU
		{B4E4CD19-64AF-42A5-8713-0D0DE35853B6}.Release|x64.ActiveCfg = Release|Any CPU
		{B4E4CD19-64AF-42A5-8713-0D0DE35853B6}.Release|x64.Build.0 = Release|Any CPU
		{B4E4CD19-64AF-42A5-8713-0D0DE35853B6}.Release|x86.ActiveCfg = Release|Any CPU
		{B4E4CD19-64AF-42A5-8713-0D0DE35853B6}.Release|x86.Build.0 = Release|Any CPU
		{0AD35C65-4CF1-4F80-8719-714CF4133166}.Debug|Any CPU.ActiveCfg = Debug|Any CPU
		{0AD35C65-4CF1-4F80-8719-714CF4133166}.Debug|Any CPU.Build.0 = Debug|Any CPU
		{0AD35C65-4CF1-4F80-8719-714CF4133166}.Debug|Mixed Platforms.ActiveCfg = Debug|Any CPU
		{0AD35C65-4CF1-4F80-8719-714CF4133166}.Debug|Mixed Platforms.Build.0 = Debug|Any CPU
		{0AD35C65-4CF1-4F80-8719-714CF4133166}.Debug|Win32.ActiveCfg = Debug|Any CPU
		{0AD35C65-4CF1-4F80-8719-714CF4133166}.Debug|Win32.Build.0 = Debug|Any CPU
		{0AD35C65-4CF1-4F80-8719-714CF4133166}.Debug|x64.ActiveCfg = Debug|Any CPU
		{0AD35C65-4CF1-4F80-8719-714CF4133166}.Debug|x64.Build.0 = Debug|Any CPU
		{0AD35C65-4CF1-4F80-8719-714CF4133166}.Debug|x86.ActiveCfg = Debug|Any CPU
		{0AD35C65-4CF1-4F80-8719-714CF4133166}.Debug|x86.Build.0 = Debug|Any CPU
		{0AD35C65-4CF1-4F80-8719-714CF4133166}.Release|Any CPU.ActiveCfg = Release|Any CPU
		{0AD35C65-4CF1-4F80-8719-714CF4133166}.Release|Any CPU.Build.0 = Release|Any CPU
		{0AD35C65-4CF1-4F80-8719-714CF4133166}.Release|Mixed Platforms.ActiveCfg = Release|Any CPU
		{0AD35C65-4CF1-4F80-8719-714CF4133166}.Release|Mixed Platforms.Build.0 = Release|Any CPU
		{0AD35C65-4CF1-4F80-8719-714CF4133166}.Release|Win32.ActiveCfg = Release|Any CPU
		{0AD35C65-4CF1-4F80-8719-714CF4133166}.Release|Win32.Build.0 = Release|Any CPU
		{0AD35C65-4CF1-4F80-8719-714CF4133166}.Release|x64.ActiveCfg = Release|Any CPU
		{0AD35C65-4CF1-4F80-8719-714CF4133166}.Release|x64.Build.0 = Release|Any CPU
		{0AD35C65-4CF1-4F80-8719-714CF4133166}.Release|x86.ActiveCfg = Release|Any CPU
		{0AD35C65-4CF1-4F80-8719-714CF4133166}.Release|x86.Build.0 = Release|Any CPU
		{0B8B1C59-2BEC-45C3-BD7A-AEB955337407}.Debug|Any CPU.ActiveCfg = Debug|Any CPU
		{0B8B1C59-2BEC-45C3-BD7A-AEB955337407}.Debug|Any CPU.Build.0 = Debug|Any CPU
		{0B8B1C59-2BEC-45C3-BD7A-AEB955337407}.Debug|Mixed Platforms.ActiveCfg = Debug|Any CPU
		{0B8B1C59-2BEC-45C3-BD7A-AEB955337407}.Debug|Mixed Platforms.Build.0 = Debug|Any CPU
		{0B8B1C59-2BEC-45C3-BD7A-AEB955337407}.Debug|Win32.ActiveCfg = Debug|Any CPU
		{0B8B1C59-2BEC-45C3-BD7A-AEB955337407}.Debug|Win32.Build.0 = Debug|Any CPU
		{0B8B1C59-2BEC-45C3-BD7A-AEB955337407}.Debug|x64.ActiveCfg = Debug|Any CPU
		{0B8B1C59-2BEC-45C3-BD7A-AEB955337407}.Debug|x64.Build.0 = Debug|Any CPU
		{0B8B1C59-2BEC-45C3-BD7A-AEB955337407}.Debug|x86.ActiveCfg = Debug|Any CPU
		{0B8B1C59-2BEC-45C3-BD7A-AEB955337407}.Debug|x86.Build.0 = Debug|Any CPU
		{0B8B1C59-2BEC-45C3-BD7A-AEB955337407}.Release|Any CPU.ActiveCfg = Release|Any CPU
		{0B8B1C59-2BEC-45C3-BD7A-AEB955337407}.Release|Any CPU.Build.0 = Release|Any CPU
		{0B8B1C59-2BEC-45C3-BD7A-AEB955337407}.Release|Mixed Platforms.ActiveCfg = Release|Any CPU
		{0B8B1C59-2BEC-45C3-BD7A-AEB955337407}.Release|Mixed Platforms.Build.0 = Release|Any CPU
		{0B8B1C59-2BEC-45C3-BD7A-AEB955337407}.Release|Win32.ActiveCfg = Release|Any CPU
		{0B8B1C59-2BEC-45C3-BD7A-AEB955337407}.Release|Win32.Build.0 = Release|Any CPU
		{0B8B1C59-2BEC-45C3-BD7A-AEB955337407}.Release|x64.ActiveCfg = Release|Any CPU
		{0B8B1C59-2BEC-45C3-BD7A-AEB955337407}.Release|x64.Build.0 = Release|Any CPU
		{0B8B1C59-2BEC-45C3-BD7A-AEB955337407}.Release|x86.ActiveCfg = Release|Any CPU
		{0B8B1C59-2BEC-45C3-BD7A-AEB955337407}.Release|x86.Build.0 = Release|Any CPU
		{CF3DFFDE-2458-46D2-ABDF-0909C2CDA6E1}.Debug|Any CPU.ActiveCfg = Debug|Any CPU
		{CF3DFFDE-2458-46D2-ABDF-0909C2CDA6E1}.Debug|Any CPU.Build.0 = Debug|Any CPU
		{CF3DFFDE-2458-46D2-ABDF-0909C2CDA6E1}.Debug|Mixed Platforms.ActiveCfg = Debug|x64
		{CF3DFFDE-2458-46D2-ABDF-0909C2CDA6E1}.Debug|Mixed Platforms.Build.0 = Debug|x64
		{CF3DFFDE-2458-46D2-ABDF-0909C2CDA6E1}.Debug|Win32.ActiveCfg = Debug|Any CPU
		{CF3DFFDE-2458-46D2-ABDF-0909C2CDA6E1}.Debug|Win32.Build.0 = Debug|Any CPU
		{CF3DFFDE-2458-46D2-ABDF-0909C2CDA6E1}.Debug|x64.ActiveCfg = Debug|x64
		{CF3DFFDE-2458-46D2-ABDF-0909C2CDA6E1}.Debug|x64.Build.0 = Debug|x64
		{CF3DFFDE-2458-46D2-ABDF-0909C2CDA6E1}.Debug|x86.ActiveCfg = Debug|Any CPU
		{CF3DFFDE-2458-46D2-ABDF-0909C2CDA6E1}.Debug|x86.Build.0 = Debug|Any CPU
		{CF3DFFDE-2458-46D2-ABDF-0909C2CDA6E1}.Release|Any CPU.ActiveCfg = Release|Any CPU
		{CF3DFFDE-2458-46D2-ABDF-0909C2CDA6E1}.Release|Any CPU.Build.0 = Release|Any CPU
		{CF3DFFDE-2458-46D2-ABDF-0909C2CDA6E1}.Release|Mixed Platforms.ActiveCfg = Release|x64
		{CF3DFFDE-2458-46D2-ABDF-0909C2CDA6E1}.Release|Mixed Platforms.Build.0 = Release|x64
		{CF3DFFDE-2458-46D2-ABDF-0909C2CDA6E1}.Release|Win32.ActiveCfg = Release|Any CPU
		{CF3DFFDE-2458-46D2-ABDF-0909C2CDA6E1}.Release|Win32.Build.0 = Release|Any CPU
		{CF3DFFDE-2458-46D2-ABDF-0909C2CDA6E1}.Release|x64.ActiveCfg = Release|x64
		{CF3DFFDE-2458-46D2-ABDF-0909C2CDA6E1}.Release|x64.Build.0 = Release|x64
		{CF3DFFDE-2458-46D2-ABDF-0909C2CDA6E1}.Release|x86.ActiveCfg = Release|Any CPU
		{CF3DFFDE-2458-46D2-ABDF-0909C2CDA6E1}.Release|x86.Build.0 = Release|Any CPU
	EndGlobalSection
	GlobalSection(SolutionProperties) = preSolution
		HideSolutionNode = FALSE
	EndGlobalSection
	GlobalSection(NestedProjects) = preSolution
		{9894E7F4-7C85-4173-9D05-F50CFD2E4163} = {4EC1463F-E1B7-439F-B038-2FFE4EB75BE5}
		{52249C4E-EAF8-45CE-A757-AAA3C3C125D4} = {0453051E-074C-4F8E-8DE7-64C551E7001C}
		{9827DEDA-205F-465E-B8DF-E0E3FF9CD8D1} = {4EC1463F-E1B7-439F-B038-2FFE4EB75BE5}
		{C4095745-E19C-4DE9-B2E4-37E55FA0D225} = {4EC1463F-E1B7-439F-B038-2FFE4EB75BE5}
		{E1A9B090-0090-4C7C-BDDF-B0BB4509DC63} = {4EC1463F-E1B7-439F-B038-2FFE4EB75BE5}
		{A05B933E-1C80-4AAE-93B9-BE37C6B94270} = {4EC1463F-E1B7-439F-B038-2FFE4EB75BE5}
		{CFDCF7E3-8EA1-4D17-8B16-C6BE157FE87C} = {4EC1463F-E1B7-439F-B038-2FFE4EB75BE5}
		{9A47D236-1810-413A-B609-A38FDE119D3F} = {4EC1463F-E1B7-439F-B038-2FFE4EB75BE5}
		{B4E4CD19-64AF-42A5-8713-0D0DE35853B6} = {4EC1463F-E1B7-439F-B038-2FFE4EB75BE5}
		{0AD35C65-4CF1-4F80-8719-714CF4133166} = {4EC1463F-E1B7-439F-B038-2FFE4EB75BE5}
		{0B8B1C59-2BEC-45C3-BD7A-AEB955337407} = {4EC1463F-E1B7-439F-B038-2FFE4EB75BE5}
		{CF3DFFDE-2458-46D2-ABDF-0909C2CDA6E1} = {4EC1463F-E1B7-439F-B038-2FFE4EB75BE5}
	EndGlobalSection
	GlobalSection(ExtensibilityGlobals) = postSolution
		SolutionGuid = {E7F78DD2-AA67-4DDC-824E-6BCF925446B0}
	EndGlobalSection
EndGlobal
