
Microsoft Visual Studio Solution File, Format Version 12.00
# Visual Studio Version 16
VisualStudioVersion = 16.0.30413.136
MinimumVisualStudioVersion = 15.0.28307.168
Project("{FAE04EC0-301F-11D3-BF4B-00C04F79EFBC}") = "OpenBreed.Core", "OpenBreed.Core\OpenBreed.Core.csproj", "{95BDF122-FAC8-4AC4-B9A8-B549D942E37D}"
EndProject
Project("{FAE04EC0-301F-11D3-BF4B-00C04F79EFBC}") = "OpenBreed.Core.Modules.Rendering.OpenGL", "OpenBreed.Core.Modules.Rendering.OpenGL\OpenBreed.Core.Modules.Rendering.OpenGL.csproj", "{EA747476-89FE-462A-9BDC-DFC2E9A64EAD}"
EndProject
Project("{FAE04EC0-301F-11D3-BF4B-00C04F79EFBC}") = "OpenBreed.Sandbox", "OpenBreed.Sandbox\OpenBreed.Sandbox.csproj", "{FB015343-45FD-4482-991D-90F21613E361}"
EndProject
Project("{FAE04EC0-301F-11D3-BF4B-00C04F79EFBC}") = "OpenBreed.Core.Modules.Physics.Generic", "OpenBreed.Core.Modules.Physics.Generic\OpenBreed.Core.Modules.Physics.Generic.csproj", "{C9F84CE7-732C-4A31-89DC-B87E3D9685BE}"
EndProject
Project("{FAE04EC0-301F-11D3-BF4B-00C04F79EFBC}") = "OpenBreed.Core.Systems.Control", "OpenBreed.Core.Systems.Control\OpenBreed.Core.Systems.Control.csproj", "{CF689601-0842-497F-A05F-B31431697B4E}"
EndProject
Project("{FAE04EC0-301F-11D3-BF4B-00C04F79EFBC}") = "OpenBreed.Core.Modules.Audio.OpenAL", "OpenBreed.Core.Modules.Audio.OpenAL\OpenBreed.Core.Modules.Audio.OpenAL.csproj", "{82AF3D57-A4F4-4339-859A-7E82942B96DF}"
EndProject
Project("{2150E333-8FDC-42A3-9474-1A3956D46DE8}") = "Docs", "Docs", "{AC17BDB5-E1D1-4635-A7D5-065BCA642796}"
	ProjectSection(SolutionItems) = preProject
		TODO.txt = TODO.txt
	EndProjectSection
EndProject
Project("{2150E333-8FDC-42A3-9474-1A3956D46DE8}") = "Common", "Common", "{FB7D9CCD-64E4-46A6-B723-F64B48C35D2E}"
EndProject
Project("{FAE04EC0-301F-11D3-BF4B-00C04F79EFBC}") = "OpenBreed.Common", "..\OpenBreed.Common\src\OpenBreed.Common\OpenBreed.Common.csproj", "{9894E7F4-7C85-4173-9D05-F50CFD2E4163}"
EndProject
Project("{FAE04EC0-301F-11D3-BF4B-00C04F79EFBC}") = "EPFArchive", "..\EPFArchive\src\EPFArchive\EPFArchive.csproj", "{52249C4E-EAF8-45CE-A757-AAA3C3C125D4}"
EndProject
Project("{FAE04EC0-301F-11D3-BF4B-00C04F79EFBC}") = "OpenBreed.Common.XmlDatabase", "..\OpenBreed.Common\src\OpenBreed.Common.XmlDatabase\OpenBreed.Common.XmlDatabase.csproj", "{C4095745-E19C-4DE9-B2E4-37E55FA0D225}"
EndProject
Project("{FAE04EC0-301F-11D3-BF4B-00C04F79EFBC}") = "OpenBreed.Game", "OpenBreed.Game\OpenBreed.Game.csproj", "{6FC15DD4-5043-4BE3-AA9A-D69B9A60A626}"
EndProject
Global
	GlobalSection(SolutionConfigurationPlatforms) = preSolution
		Debug|Any CPU = Debug|Any CPU
		Debug|x64 = Debug|x64
		Release|Any CPU = Release|Any CPU
		Release|x64 = Release|x64
	EndGlobalSection
	GlobalSection(ProjectConfigurationPlatforms) = postSolution
		{95BDF122-FAC8-4AC4-B9A8-B549D942E37D}.Debug|Any CPU.ActiveCfg = Debug|Any CPU
		{95BDF122-FAC8-4AC4-B9A8-B549D942E37D}.Debug|Any CPU.Build.0 = Debug|Any CPU
		{95BDF122-FAC8-4AC4-B9A8-B549D942E37D}.Debug|x64.ActiveCfg = Debug|x64
		{95BDF122-FAC8-4AC4-B9A8-B549D942E37D}.Debug|x64.Build.0 = Debug|x64
		{95BDF122-FAC8-4AC4-B9A8-B549D942E37D}.Release|Any CPU.ActiveCfg = Release|Any CPU
		{95BDF122-FAC8-4AC4-B9A8-B549D942E37D}.Release|Any CPU.Build.0 = Release|Any CPU
		{95BDF122-FAC8-4AC4-B9A8-B549D942E37D}.Release|x64.ActiveCfg = Release|x64
		{95BDF122-FAC8-4AC4-B9A8-B549D942E37D}.Release|x64.Build.0 = Release|x64
		{EA747476-89FE-462A-9BDC-DFC2E9A64EAD}.Debug|Any CPU.ActiveCfg = Debug|Any CPU
		{EA747476-89FE-462A-9BDC-DFC2E9A64EAD}.Debug|Any CPU.Build.0 = Debug|Any CPU
		{EA747476-89FE-462A-9BDC-DFC2E9A64EAD}.Debug|x64.ActiveCfg = Debug|x64
		{EA747476-89FE-462A-9BDC-DFC2E9A64EAD}.Debug|x64.Build.0 = Debug|x64
		{EA747476-89FE-462A-9BDC-DFC2E9A64EAD}.Release|Any CPU.ActiveCfg = Release|Any CPU
		{EA747476-89FE-462A-9BDC-DFC2E9A64EAD}.Release|Any CPU.Build.0 = Release|Any CPU
		{EA747476-89FE-462A-9BDC-DFC2E9A64EAD}.Release|x64.ActiveCfg = Release|x64
		{EA747476-89FE-462A-9BDC-DFC2E9A64EAD}.Release|x64.Build.0 = Release|x64
		{FB015343-45FD-4482-991D-90F21613E361}.Debug|Any CPU.ActiveCfg = Debug|Any CPU
		{FB015343-45FD-4482-991D-90F21613E361}.Debug|Any CPU.Build.0 = Debug|Any CPU
		{FB015343-45FD-4482-991D-90F21613E361}.Debug|x64.ActiveCfg = Debug|x64
		{FB015343-45FD-4482-991D-90F21613E361}.Debug|x64.Build.0 = Debug|x64
		{FB015343-45FD-4482-991D-90F21613E361}.Release|Any CPU.ActiveCfg = Release|Any CPU
		{FB015343-45FD-4482-991D-90F21613E361}.Release|Any CPU.Build.0 = Release|Any CPU
		{FB015343-45FD-4482-991D-90F21613E361}.Release|x64.ActiveCfg = Release|x64
		{FB015343-45FD-4482-991D-90F21613E361}.Release|x64.Build.0 = Release|x64
		{C9F84CE7-732C-4A31-89DC-B87E3D9685BE}.Debug|Any CPU.ActiveCfg = Debug|Any CPU
		{C9F84CE7-732C-4A31-89DC-B87E3D9685BE}.Debug|Any CPU.Build.0 = Debug|Any CPU
		{C9F84CE7-732C-4A31-89DC-B87E3D9685BE}.Debug|x64.ActiveCfg = Debug|x64
		{C9F84CE7-732C-4A31-89DC-B87E3D9685BE}.Debug|x64.Build.0 = Debug|x64
		{C9F84CE7-732C-4A31-89DC-B87E3D9685BE}.Release|Any CPU.ActiveCfg = Release|Any CPU
		{C9F84CE7-732C-4A31-89DC-B87E3D9685BE}.Release|Any CPU.Build.0 = Release|Any CPU
		{C9F84CE7-732C-4A31-89DC-B87E3D9685BE}.Release|x64.ActiveCfg = Release|x64
		{C9F84CE7-732C-4A31-89DC-B87E3D9685BE}.Release|x64.Build.0 = Release|x64
		{CF689601-0842-497F-A05F-B31431697B4E}.Debug|Any CPU.ActiveCfg = Debug|Any CPU
		{CF689601-0842-497F-A05F-B31431697B4E}.Debug|Any CPU.Build.0 = Debug|Any CPU
		{CF689601-0842-497F-A05F-B31431697B4E}.Debug|x64.ActiveCfg = Debug|x64
		{CF689601-0842-497F-A05F-B31431697B4E}.Debug|x64.Build.0 = Debug|x64
		{CF689601-0842-497F-A05F-B31431697B4E}.Release|Any CPU.ActiveCfg = Release|Any CPU
		{CF689601-0842-497F-A05F-B31431697B4E}.Release|Any CPU.Build.0 = Release|Any CPU
		{CF689601-0842-497F-A05F-B31431697B4E}.Release|x64.ActiveCfg = Release|x64
		{CF689601-0842-497F-A05F-B31431697B4E}.Release|x64.Build.0 = Release|x64
		{82AF3D57-A4F4-4339-859A-7E82942B96DF}.Debug|Any CPU.ActiveCfg = Debug|Any CPU
		{82AF3D57-A4F4-4339-859A-7E82942B96DF}.Debug|Any CPU.Build.0 = Debug|Any CPU
		{82AF3D57-A4F4-4339-859A-7E82942B96DF}.Debug|x64.ActiveCfg = Debug|x64
		{82AF3D57-A4F4-4339-859A-7E82942B96DF}.Debug|x64.Build.0 = Debug|x64
		{82AF3D57-A4F4-4339-859A-7E82942B96DF}.Release|Any CPU.ActiveCfg = Release|Any CPU
		{82AF3D57-A4F4-4339-859A-7E82942B96DF}.Release|Any CPU.Build.0 = Release|Any CPU
		{82AF3D57-A4F4-4339-859A-7E82942B96DF}.Release|x64.ActiveCfg = Release|x64
		{82AF3D57-A4F4-4339-859A-7E82942B96DF}.Release|x64.Build.0 = Release|x64
		{9894E7F4-7C85-4173-9D05-F50CFD2E4163}.Debug|Any CPU.ActiveCfg = Debug|Any CPU
		{9894E7F4-7C85-4173-9D05-F50CFD2E4163}.Debug|Any CPU.Build.0 = Debug|Any CPU
		{9894E7F4-7C85-4173-9D05-F50CFD2E4163}.Debug|x64.ActiveCfg = Debug|x64
		{9894E7F4-7C85-4173-9D05-F50CFD2E4163}.Debug|x64.Build.0 = Debug|x64
		{9894E7F4-7C85-4173-9D05-F50CFD2E4163}.Release|Any CPU.ActiveCfg = Release|Any CPU
		{9894E7F4-7C85-4173-9D05-F50CFD2E4163}.Release|Any CPU.Build.0 = Release|Any CPU
		{9894E7F4-7C85-4173-9D05-F50CFD2E4163}.Release|x64.ActiveCfg = Release|Any CPU
		{9894E7F4-7C85-4173-9D05-F50CFD2E4163}.Release|x64.Build.0 = Release|Any CPU
		{52249C4E-EAF8-45CE-A757-AAA3C3C125D4}.Debug|Any CPU.ActiveCfg = Debug|Any CPU
		{52249C4E-EAF8-45CE-A757-AAA3C3C125D4}.Debug|Any CPU.Build.0 = Debug|Any CPU
		{52249C4E-EAF8-45CE-A757-AAA3C3C125D4}.Debug|x64.ActiveCfg = Debug|Any CPU
		{52249C4E-EAF8-45CE-A757-AAA3C3C125D4}.Debug|x64.Build.0 = Debug|Any CPU
		{52249C4E-EAF8-45CE-A757-AAA3C3C125D4}.Release|Any CPU.ActiveCfg = Release|Any CPU
		{52249C4E-EAF8-45CE-A757-AAA3C3C125D4}.Release|Any CPU.Build.0 = Release|Any CPU
		{52249C4E-EAF8-45CE-A757-AAA3C3C125D4}.Release|x64.ActiveCfg = Release|Any CPU
		{52249C4E-EAF8-45CE-A757-AAA3C3C125D4}.Release|x64.Build.0 = Release|Any CPU
		{C4095745-E19C-4DE9-B2E4-37E55FA0D225}.Debug|Any CPU.ActiveCfg = Debug|Any CPU
		{C4095745-E19C-4DE9-B2E4-37E55FA0D225}.Debug|Any CPU.Build.0 = Debug|Any CPU
		{C4095745-E19C-4DE9-B2E4-37E55FA0D225}.Debug|x64.ActiveCfg = Debug|x64
		{C4095745-E19C-4DE9-B2E4-37E55FA0D225}.Debug|x64.Build.0 = Debug|x64
		{C4095745-E19C-4DE9-B2E4-37E55FA0D225}.Release|Any CPU.ActiveCfg = Release|Any CPU
		{C4095745-E19C-4DE9-B2E4-37E55FA0D225}.Release|Any CPU.Build.0 = Release|Any CPU
		{C4095745-E19C-4DE9-B2E4-37E55FA0D225}.Release|x64.ActiveCfg = Release|Any CPU
		{C4095745-E19C-4DE9-B2E4-37E55FA0D225}.Release|x64.Build.0 = Release|Any CPU
		{6FC15DD4-5043-4BE3-AA9A-D69B9A60A626}.Debug|Any CPU.ActiveCfg = Debug|Any CPU
		{6FC15DD4-5043-4BE3-AA9A-D69B9A60A626}.Debug|Any CPU.Build.0 = Debug|Any CPU
		{6FC15DD4-5043-4BE3-AA9A-D69B9A60A626}.Debug|x64.ActiveCfg = Debug|x64
		{6FC15DD4-5043-4BE3-AA9A-D69B9A60A626}.Debug|x64.Build.0 = Debug|x64
		{6FC15DD4-5043-4BE3-AA9A-D69B9A60A626}.Release|Any CPU.ActiveCfg = Release|Any CPU
		{6FC15DD4-5043-4BE3-AA9A-D69B9A60A626}.Release|Any CPU.Build.0 = Release|Any CPU
		{6FC15DD4-5043-4BE3-AA9A-D69B9A60A626}.Release|x64.ActiveCfg = Release|Any CPU
		{6FC15DD4-5043-4BE3-AA9A-D69B9A60A626}.Release|x64.Build.0 = Release|Any CPU
	EndGlobalSection
	GlobalSection(SolutionProperties) = preSolution
		HideSolutionNode = FALSE
	EndGlobalSection
	GlobalSection(NestedProjects) = preSolution
		{9894E7F4-7C85-4173-9D05-F50CFD2E4163} = {FB7D9CCD-64E4-46A6-B723-F64B48C35D2E}
		{52249C4E-EAF8-45CE-A757-AAA3C3C125D4} = {FB7D9CCD-64E4-46A6-B723-F64B48C35D2E}
		{C4095745-E19C-4DE9-B2E4-37E55FA0D225} = {FB7D9CCD-64E4-46A6-B723-F64B48C35D2E}
	EndGlobalSection
	GlobalSection(ExtensibilityGlobals) = postSolution
		SolutionGuid = {36FCF31C-C702-49A1-8355-120BD345CF95}
	EndGlobalSection
EndGlobal
