
Microsoft Visual Studio Solution File, Format Version 12.00
# Visual Studio 15
VisualStudioVersion = 15.0.26730.16
MinimumVisualStudioVersion = 10.0.40219.1
Project("{FAE04EC0-301F-11D3-BF4B-00C04F79EFBC}") = "OpenBreed.Editor.VM", "OpenBreed.Editor.VM\OpenBreed.Editor.VM.csproj", "{4E57CB0D-A13B-48A9-9D47-52B96D75F283}"
EndProject
Project("{FAE04EC0-301F-11D3-BF4B-00C04F79EFBC}") = "ToolsABTA", "ToolsABTA\ToolsABTA.csproj", "{27037E0B-F963-4F7B-975D-741D683D66C7}"
EndProject
Project("{FAE04EC0-301F-11D3-BF4B-00C04F79EFBC}") = "OpenBreed.Editor.Cfg", "OpenBreed.Editor.Cfg\OpenBreed.Editor.Cfg.csproj", "{91F957F8-8C01-462C-9FE3-276BB56A7B7E}"
EndProject
Project("{FAE04EC0-301F-11D3-BF4B-00C04F79EFBC}") = "OpenBreed.Common", "..\OpenBreed.Common\src\OpenBreed.Common\OpenBreed.Common.csproj", "{9894E7F4-7C85-4173-9D05-F50CFD2E4163}"
EndProject
Project("{2150E333-8FDC-42A3-9474-1A3956D46DE8}") = "Components", "Components", "{C6944750-FB54-4033-89BF-73BFF6850DA7}"
EndProject
Project("{FAE04EC0-301F-11D3-BF4B-00C04F79EFBC}") = "EPFArchive", "..\EPFArchive\src\EPFArchive\EPFArchive.csproj", "{52249C4E-EAF8-45CE-A757-AAA3C3C125D4}"
EndProject
Project("{FAE04EC0-301F-11D3-BF4B-00C04F79EFBC}") = "OpenBreed.Common.UI.WinForms", "..\OpenBreed.Common\src\OpenBreed.Common.UI.WinForms\OpenBreed.Common.UI.WinForms.csproj", "{9827DEDA-205F-465E-B8DF-E0E3FF9CD8D1}"
EndProject
Project("{FAE04EC0-301F-11D3-BF4B-00C04F79EFBC}") = "OpenBreed.Editor.UI.WinForms", "OpenBreed.Editor.UI.WinForms\OpenBreed.Editor.UI.WinForms.csproj", "{93948D83-BC84-47B4-AD0F-A6E295AFE823}"
EndProject
Project("{FAE04EC0-301F-11D3-BF4B-00C04F79EFBC}") = "OpenBreed.Common.XmlDatabase", "..\OpenBreed.Common\src\OpenBreed.Common.XmlDatabase\OpenBreed.Common.XmlDatabase.csproj", "{1363AEA4-E80C-416D-B3AD-883B24E58A30}"
EndProject
Global
	GlobalSection(SolutionConfigurationPlatforms) = preSolution
		Debug|Any CPU = Debug|Any CPU
		Debug|Mixed Platforms = Debug|Mixed Platforms
		Debug|Win32 = Debug|Win32
		Debug|x64 = Debug|x64
		Debug|x86 = Debug|x86
		Release|Any CPU = Release|Any CPU
		Release|Mixed Platforms = Release|Mixed Platforms
		Release|Win32 = Release|Win32
		Release|x64 = Release|x64
		Release|x86 = Release|x86
	EndGlobalSection
	GlobalSection(ProjectConfigurationPlatforms) = postSolution
		{4E57CB0D-A13B-48A9-9D47-52B96D75F283}.Debug|Any CPU.ActiveCfg = Debug|Any CPU
		{4E57CB0D-A13B-48A9-9D47-52B96D75F283}.Debug|Any CPU.Build.0 = Debug|Any CPU
		{4E57CB0D-A13B-48A9-9D47-52B96D75F283}.Debug|Mixed Platforms.ActiveCfg = Debug|Any CPU
		{4E57CB0D-A13B-48A9-9D47-52B96D75F283}.Debug|Mixed Platforms.Build.0 = Debug|Any CPU
		{4E57CB0D-A13B-48A9-9D47-52B96D75F283}.Debug|Win32.ActiveCfg = Debug|Any CPU
		{4E57CB0D-A13B-48A9-9D47-52B96D75F283}.Debug|x64.ActiveCfg = Debug|Any CPU
		{4E57CB0D-A13B-48A9-9D47-52B96D75F283}.Debug|x64.Build.0 = Debug|Any CPU
		{4E57CB0D-A13B-48A9-9D47-52B96D75F283}.Debug|x86.ActiveCfg = Debug|x86
		{4E57CB0D-A13B-48A9-9D47-52B96D75F283}.Debug|x86.Build.0 = Debug|x86
		{4E57CB0D-A13B-48A9-9D47-52B96D75F283}.Release|Any CPU.ActiveCfg = Release|Any CPU
		{4E57CB0D-A13B-48A9-9D47-52B96D75F283}.Release|Any CPU.Build.0 = Release|Any CPU
		{4E57CB0D-A13B-48A9-9D47-52B96D75F283}.Release|Mixed Platforms.ActiveCfg = Release|Any CPU
		{4E57CB0D-A13B-48A9-9D47-52B96D75F283}.Release|Mixed Platforms.Build.0 = Release|Any CPU
		{4E57CB0D-A13B-48A9-9D47-52B96D75F283}.Release|Win32.ActiveCfg = Release|Any CPU
		{4E57CB0D-A13B-48A9-9D47-52B96D75F283}.Release|x64.ActiveCfg = Release|Any CPU
		{4E57CB0D-A13B-48A9-9D47-52B96D75F283}.Release|x64.Build.0 = Release|Any CPU
		{4E57CB0D-A13B-48A9-9D47-52B96D75F283}.Release|x86.ActiveCfg = Release|Any CPU
		{4E57CB0D-A13B-48A9-9D47-52B96D75F283}.Release|x86.Build.0 = Release|Any CPU
		{27037E0B-F963-4F7B-975D-741D683D66C7}.Debug|Any CPU.ActiveCfg = Debug|Any CPU
		{27037E0B-F963-4F7B-975D-741D683D66C7}.Debug|Any CPU.Build.0 = Debug|Any CPU
		{27037E0B-F963-4F7B-975D-741D683D66C7}.Debug|Mixed Platforms.ActiveCfg = Debug|Any CPU
		{27037E0B-F963-4F7B-975D-741D683D66C7}.Debug|Mixed Platforms.Build.0 = Debug|Any CPU
		{27037E0B-F963-4F7B-975D-741D683D66C7}.Debug|Win32.ActiveCfg = Debug|Any CPU
		{27037E0B-F963-4F7B-975D-741D683D66C7}.Debug|x64.ActiveCfg = Debug|Any CPU
		{27037E0B-F963-4F7B-975D-741D683D66C7}.Debug|x64.Build.0 = Debug|Any CPU
		{27037E0B-F963-4F7B-975D-741D683D66C7}.Debug|x86.ActiveCfg = Debug|x86
		{27037E0B-F963-4F7B-975D-741D683D66C7}.Debug|x86.Build.0 = Debug|x86
		{27037E0B-F963-4F7B-975D-741D683D66C7}.Release|Any CPU.ActiveCfg = Release|Any CPU
		{27037E0B-F963-4F7B-975D-741D683D66C7}.Release|Any CPU.Build.0 = Release|Any CPU
		{27037E0B-F963-4F7B-975D-741D683D66C7}.Release|Mixed Platforms.ActiveCfg = Release|Any CPU
		{27037E0B-F963-4F7B-975D-741D683D66C7}.Release|Mixed Platforms.Build.0 = Release|Any CPU
		{27037E0B-F963-4F7B-975D-741D683D66C7}.Release|Win32.ActiveCfg = Release|Any CPU
		{27037E0B-F963-4F7B-975D-741D683D66C7}.Release|x64.ActiveCfg = Release|Any CPU
		{27037E0B-F963-4F7B-975D-741D683D66C7}.Release|x64.Build.0 = Release|Any CPU
		{27037E0B-F963-4F7B-975D-741D683D66C7}.Release|x86.ActiveCfg = Release|Any CPU
		{27037E0B-F963-4F7B-975D-741D683D66C7}.Release|x86.Build.0 = Release|Any CPU
		{91F957F8-8C01-462C-9FE3-276BB56A7B7E}.Debug|Any CPU.ActiveCfg = Debug|Any CPU
		{91F957F8-8C01-462C-9FE3-276BB56A7B7E}.Debug|Any CPU.Build.0 = Debug|Any CPU
		{91F957F8-8C01-462C-9FE3-276BB56A7B7E}.Debug|Mixed Platforms.ActiveCfg = Debug|Any CPU
		{91F957F8-8C01-462C-9FE3-276BB56A7B7E}.Debug|Mixed Platforms.Build.0 = Debug|Any CPU
		{91F957F8-8C01-462C-9FE3-276BB56A7B7E}.Debug|Win32.ActiveCfg = Debug|Any CPU
		{91F957F8-8C01-462C-9FE3-276BB56A7B7E}.Debug|x64.ActiveCfg = Debug|x64
		{91F957F8-8C01-462C-9FE3-276BB56A7B7E}.Debug|x64.Build.0 = Debug|x64
		{91F957F8-8C01-462C-9FE3-276BB56A7B7E}.Debug|x86.ActiveCfg = Debug|x86
		{91F957F8-8C01-462C-9FE3-276BB56A7B7E}.Debug|x86.Build.0 = Debug|x86
		{91F957F8-8C01-462C-9FE3-276BB56A7B7E}.Release|Any CPU.ActiveCfg = Release|Any CPU
		{91F957F8-8C01-462C-9FE3-276BB56A7B7E}.Release|Any CPU.Build.0 = Release|Any CPU
		{91F957F8-8C01-462C-9FE3-276BB56A7B7E}.Release|Mixed Platforms.ActiveCfg = Release|Any CPU
		{91F957F8-8C01-462C-9FE3-276BB56A7B7E}.Release|Mixed Platforms.Build.0 = Release|Any CPU
		{91F957F8-8C01-462C-9FE3-276BB56A7B7E}.Release|Win32.ActiveCfg = Release|Any CPU
		{91F957F8-8C01-462C-9FE3-276BB56A7B7E}.Release|x64.ActiveCfg = Release|x64
		{91F957F8-8C01-462C-9FE3-276BB56A7B7E}.Release|x64.Build.0 = Release|x64
		{91F957F8-8C01-462C-9FE3-276BB56A7B7E}.Release|x86.ActiveCfg = Release|Any CPU
		{9894E7F4-7C85-4173-9D05-F50CFD2E4163}.Debug|Any CPU.ActiveCfg = Debug|Any CPU
		{9894E7F4-7C85-4173-9D05-F50CFD2E4163}.Debug|Any CPU.Build.0 = Debug|Any CPU
		{9894E7F4-7C85-4173-9D05-F50CFD2E4163}.Debug|Mixed Platforms.ActiveCfg = Debug|Any CPU
		{9894E7F4-7C85-4173-9D05-F50CFD2E4163}.Debug|Mixed Platforms.Build.0 = Debug|Any CPU
		{9894E7F4-7C85-4173-9D05-F50CFD2E4163}.Debug|Win32.ActiveCfg = Debug|Any CPU
		{9894E7F4-7C85-4173-9D05-F50CFD2E4163}.Debug|Win32.Build.0 = Debug|Any CPU
		{9894E7F4-7C85-4173-9D05-F50CFD2E4163}.Debug|x64.ActiveCfg = Debug|Any CPU
		{9894E7F4-7C85-4173-9D05-F50CFD2E4163}.Debug|x64.Build.0 = Debug|Any CPU
		{9894E7F4-7C85-4173-9D05-F50CFD2E4163}.Debug|x86.ActiveCfg = Debug|Any CPU
		{9894E7F4-7C85-4173-9D05-F50CFD2E4163}.Debug|x86.Build.0 = Debug|Any CPU
		{9894E7F4-7C85-4173-9D05-F50CFD2E4163}.Release|Any CPU.ActiveCfg = Release|Any CPU
		{9894E7F4-7C85-4173-9D05-F50CFD2E4163}.Release|Any CPU.Build.0 = Release|Any CPU
		{9894E7F4-7C85-4173-9D05-F50CFD2E4163}.Release|Mixed Platforms.ActiveCfg = Release|Any CPU
		{9894E7F4-7C85-4173-9D05-F50CFD2E4163}.Release|Mixed Platforms.Build.0 = Release|Any CPU
		{9894E7F4-7C85-4173-9D05-F50CFD2E4163}.Release|Win32.ActiveCfg = Release|Any CPU
		{9894E7F4-7C85-4173-9D05-F50CFD2E4163}.Release|Win32.Build.0 = Release|Any CPU
		{9894E7F4-7C85-4173-9D05-F50CFD2E4163}.Release|x64.ActiveCfg = Release|Any CPU
		{9894E7F4-7C85-4173-9D05-F50CFD2E4163}.Release|x64.Build.0 = Release|Any CPU
		{9894E7F4-7C85-4173-9D05-F50CFD2E4163}.Release|x86.ActiveCfg = Release|Any CPU
		{9894E7F4-7C85-4173-9D05-F50CFD2E4163}.Release|x86.Build.0 = Release|Any CPU
		{52249C4E-EAF8-45CE-A757-AAA3C3C125D4}.Debug|Any CPU.ActiveCfg = Debug|Any CPU
		{52249C4E-EAF8-45CE-A757-AAA3C3C125D4}.Debug|Any CPU.Build.0 = Debug|Any CPU
		{52249C4E-EAF8-45CE-A757-AAA3C3C125D4}.Debug|Mixed Platforms.ActiveCfg = Debug|Any CPU
		{52249C4E-EAF8-45CE-A757-AAA3C3C125D4}.Debug|Mixed Platforms.Build.0 = Debug|Any CPU
		{52249C4E-EAF8-45CE-A757-AAA3C3C125D4}.Debug|Win32.ActiveCfg = Debug|Any CPU
		{52249C4E-EAF8-45CE-A757-AAA3C3C125D4}.Debug|Win32.Build.0 = Debug|Any CPU
		{52249C4E-EAF8-45CE-A757-AAA3C3C125D4}.Debug|x64.ActiveCfg = Debug|Any CPU
		{52249C4E-EAF8-45CE-A757-AAA3C3C125D4}.Debug|x64.Build.0 = Debug|Any CPU
		{52249C4E-EAF8-45CE-A757-AAA3C3C125D4}.Debug|x86.ActiveCfg = Debug|Any CPU
		{52249C4E-EAF8-45CE-A757-AAA3C3C125D4}.Debug|x86.Build.0 = Debug|Any CPU
		{52249C4E-EAF8-45CE-A757-AAA3C3C125D4}.Release|Any CPU.ActiveCfg = Release|Any CPU
		{52249C4E-EAF8-45CE-A757-AAA3C3C125D4}.Release|Any CPU.Build.0 = Release|Any CPU
		{52249C4E-EAF8-45CE-A757-AAA3C3C125D4}.Release|Mixed Platforms.ActiveCfg = Release|Any CPU
		{52249C4E-EAF8-45CE-A757-AAA3C3C125D4}.Release|Mixed Platforms.Build.0 = Release|Any CPU
		{52249C4E-EAF8-45CE-A757-AAA3C3C125D4}.Release|Win32.ActiveCfg = Release|Any CPU
		{52249C4E-EAF8-45CE-A757-AAA3C3C125D4}.Release|Win32.Build.0 = Release|Any CPU
		{52249C4E-EAF8-45CE-A757-AAA3C3C125D4}.Release|x64.ActiveCfg = Release|Any CPU
		{52249C4E-EAF8-45CE-A757-AAA3C3C125D4}.Release|x64.Build.0 = Release|Any CPU
		{52249C4E-EAF8-45CE-A757-AAA3C3C125D4}.Release|x86.ActiveCfg = Release|Any CPU
		{52249C4E-EAF8-45CE-A757-AAA3C3C125D4}.Release|x86.Build.0 = Release|Any CPU
		{9827DEDA-205F-465E-B8DF-E0E3FF9CD8D1}.Debug|Any CPU.ActiveCfg = Debug|Any CPU
		{9827DEDA-205F-465E-B8DF-E0E3FF9CD8D1}.Debug|Any CPU.Build.0 = Debug|Any CPU
		{9827DEDA-205F-465E-B8DF-E0E3FF9CD8D1}.Debug|Mixed Platforms.ActiveCfg = Debug|Any CPU
		{9827DEDA-205F-465E-B8DF-E0E3FF9CD8D1}.Debug|Mixed Platforms.Build.0 = Debug|Any CPU
		{9827DEDA-205F-465E-B8DF-E0E3FF9CD8D1}.Debug|Win32.ActiveCfg = Debug|Any CPU
		{9827DEDA-205F-465E-B8DF-E0E3FF9CD8D1}.Debug|Win32.Build.0 = Debug|Any CPU
		{9827DEDA-205F-465E-B8DF-E0E3FF9CD8D1}.Debug|x64.ActiveCfg = Debug|Any CPU
		{9827DEDA-205F-465E-B8DF-E0E3FF9CD8D1}.Debug|x64.Build.0 = Debug|Any CPU
		{9827DEDA-205F-465E-B8DF-E0E3FF9CD8D1}.Debug|x86.ActiveCfg = Debug|Any CPU
		{9827DEDA-205F-465E-B8DF-E0E3FF9CD8D1}.Debug|x86.Build.0 = Debug|Any CPU
		{9827DEDA-205F-465E-B8DF-E0E3FF9CD8D1}.Release|Any CPU.ActiveCfg = Release|Any CPU
		{9827DEDA-205F-465E-B8DF-E0E3FF9CD8D1}.Release|Any CPU.Build.0 = Release|Any CPU
		{9827DEDA-205F-465E-B8DF-E0E3FF9CD8D1}.Release|Mixed Platforms.ActiveCfg = Release|Any CPU
		{9827DEDA-205F-465E-B8DF-E0E3FF9CD8D1}.Release|Mixed Platforms.Build.0 = Release|Any CPU
		{9827DEDA-205F-465E-B8DF-E0E3FF9CD8D1}.Release|Win32.ActiveCfg = Release|Any CPU
		{9827DEDA-205F-465E-B8DF-E0E3FF9CD8D1}.Release|Win32.Build.0 = Release|Any CPU
		{9827DEDA-205F-465E-B8DF-E0E3FF9CD8D1}.Release|x64.ActiveCfg = Release|Any CPU
		{9827DEDA-205F-465E-B8DF-E0E3FF9CD8D1}.Release|x64.Build.0 = Release|Any CPU
		{9827DEDA-205F-465E-B8DF-E0E3FF9CD8D1}.Release|x86.ActiveCfg = Release|Any CPU
		{9827DEDA-205F-465E-B8DF-E0E3FF9CD8D1}.Release|x86.Build.0 = Release|Any CPU
		{93948D83-BC84-47B4-AD0F-A6E295AFE823}.Debug|Any CPU.ActiveCfg = Debug|Any CPU
		{93948D83-BC84-47B4-AD0F-A6E295AFE823}.Debug|Any CPU.Build.0 = Debug|Any CPU
		{93948D83-BC84-47B4-AD0F-A6E295AFE823}.Debug|Mixed Platforms.ActiveCfg = Debug|Any CPU
		{93948D83-BC84-47B4-AD0F-A6E295AFE823}.Debug|Mixed Platforms.Build.0 = Debug|Any CPU
		{93948D83-BC84-47B4-AD0F-A6E295AFE823}.Debug|Win32.ActiveCfg = Debug|Any CPU
		{93948D83-BC84-47B4-AD0F-A6E295AFE823}.Debug|Win32.Build.0 = Debug|Any CPU
		{93948D83-BC84-47B4-AD0F-A6E295AFE823}.Debug|x64.ActiveCfg = Debug|Any CPU
		{93948D83-BC84-47B4-AD0F-A6E295AFE823}.Debug|x64.Build.0 = Debug|Any CPU
		{93948D83-BC84-47B4-AD0F-A6E295AFE823}.Debug|x86.ActiveCfg = Debug|Any CPU
		{93948D83-BC84-47B4-AD0F-A6E295AFE823}.Debug|x86.Build.0 = Debug|Any CPU
		{93948D83-BC84-47B4-AD0F-A6E295AFE823}.Release|Any CPU.ActiveCfg = Release|Any CPU
		{93948D83-BC84-47B4-AD0F-A6E295AFE823}.Release|Any CPU.Build.0 = Release|Any CPU
		{93948D83-BC84-47B4-AD0F-A6E295AFE823}.Release|Mixed Platforms.ActiveCfg = Release|Any CPU
		{93948D83-BC84-47B4-AD0F-A6E295AFE823}.Release|Mixed Platforms.Build.0 = Release|Any CPU
		{93948D83-BC84-47B4-AD0F-A6E295AFE823}.Release|Win32.ActiveCfg = Release|Any CPU
		{93948D83-BC84-47B4-AD0F-A6E295AFE823}.Release|Win32.Build.0 = Release|Any CPU
		{93948D83-BC84-47B4-AD0F-A6E295AFE823}.Release|x64.ActiveCfg = Release|Any CPU
		{93948D83-BC84-47B4-AD0F-A6E295AFE823}.Release|x64.Build.0 = Release|Any CPU
		{93948D83-BC84-47B4-AD0F-A6E295AFE823}.Release|x86.ActiveCfg = Release|Any CPU
		{93948D83-BC84-47B4-AD0F-A6E295AFE823}.Release|x86.Build.0 = Release|Any CPU
		{1363AEA4-E80C-416D-B3AD-883B24E58A30}.Debug|Any CPU.ActiveCfg = Debug|Any CPU
		{1363AEA4-E80C-416D-B3AD-883B24E58A30}.Debug|Any CPU.Build.0 = Debug|Any CPU
		{1363AEA4-E80C-416D-B3AD-883B24E58A30}.Debug|Mixed Platforms.ActiveCfg = Debug|Any CPU
		{1363AEA4-E80C-416D-B3AD-883B24E58A30}.Debug|Mixed Platforms.Build.0 = Debug|Any CPU
		{1363AEA4-E80C-416D-B3AD-883B24E58A30}.Debug|Win32.ActiveCfg = Debug|Any CPU
		{1363AEA4-E80C-416D-B3AD-883B24E58A30}.Debug|Win32.Build.0 = Debug|Any CPU
		{1363AEA4-E80C-416D-B3AD-883B24E58A30}.Debug|x64.ActiveCfg = Debug|Any CPU
		{1363AEA4-E80C-416D-B3AD-883B24E58A30}.Debug|x64.Build.0 = Debug|Any CPU
		{1363AEA4-E80C-416D-B3AD-883B24E58A30}.Debug|x86.ActiveCfg = Debug|Any CPU
		{1363AEA4-E80C-416D-B3AD-883B24E58A30}.Debug|x86.Build.0 = Debug|Any CPU
		{1363AEA4-E80C-416D-B3AD-883B24E58A30}.Release|Any CPU.ActiveCfg = Release|Any CPU
		{1363AEA4-E80C-416D-B3AD-883B24E58A30}.Release|Any CPU.Build.0 = Release|Any CPU
		{1363AEA4-E80C-416D-B3AD-883B24E58A30}.Release|Mixed Platforms.ActiveCfg = Release|Any CPU
		{1363AEA4-E80C-416D-B3AD-883B24E58A30}.Release|Mixed Platforms.Build.0 = Release|Any CPU
		{1363AEA4-E80C-416D-B3AD-883B24E58A30}.Release|Win32.ActiveCfg = Release|Any CPU
		{1363AEA4-E80C-416D-B3AD-883B24E58A30}.Release|Win32.Build.0 = Release|Any CPU
		{1363AEA4-E80C-416D-B3AD-883B24E58A30}.Release|x64.ActiveCfg = Release|Any CPU
		{1363AEA4-E80C-416D-B3AD-883B24E58A30}.Release|x64.Build.0 = Release|Any CPU
		{1363AEA4-E80C-416D-B3AD-883B24E58A30}.Release|x86.ActiveCfg = Release|Any CPU
		{1363AEA4-E80C-416D-B3AD-883B24E58A30}.Release|x86.Build.0 = Release|Any CPU
	EndGlobalSection
	GlobalSection(SolutionProperties) = preSolution
		HideSolutionNode = FALSE
	EndGlobalSection
	GlobalSection(NestedProjects) = preSolution
		{9894E7F4-7C85-4173-9D05-F50CFD2E4163} = {C6944750-FB54-4033-89BF-73BFF6850DA7}
		{52249C4E-EAF8-45CE-A757-AAA3C3C125D4} = {C6944750-FB54-4033-89BF-73BFF6850DA7}
		{9827DEDA-205F-465E-B8DF-E0E3FF9CD8D1} = {C6944750-FB54-4033-89BF-73BFF6850DA7}
		{1363AEA4-E80C-416D-B3AD-883B24E58A30} = {C6944750-FB54-4033-89BF-73BFF6850DA7}
	EndGlobalSection
	GlobalSection(ExtensibilityGlobals) = postSolution
		SolutionGuid = {E7F78DD2-AA67-4DDC-824E-6BCF925446B0}
	EndGlobalSection
EndGlobal
